
Microsoft Visual Studio Solution File, Format Version 12.00
# Visual Studio Version 17
VisualStudioVersion = 17.8.34511.84
MinimumVisualStudioVersion = 10.0.40219.1
Project("{FAE04EC0-301F-11D3-BF4B-00C04F79EFBC}") = "Ejercicio2", "Ejercicio2\Ejercicio2.csproj", "{8F0ED821-A0B6-4D1F-A231-28A903A6CEDB}"
EndProject
Global
	GlobalSection(SolutionConfigurationPlatforms) = preSolution
		Debug|Any CPU = Debug|Any CPU
		Release|Any CPU = Release|Any CPU
	EndGlobalSection
	GlobalSection(ProjectConfigurationPlatforms) = postSolution
		{8F0ED821-A0B6-4D1F-A231-28A903A6CEDB}.Debug|Any CPU.ActiveCfg = Debug|Any CPU
		{8F0ED821-A0B6-4D1F-A231-28A903A6CEDB}.Debug|Any CPU.Build.0 = Debug|Any CPU
		{8F0ED821-A0B6-4D1F-A231-28A903A6CEDB}.Release|Any CPU.ActiveCfg = Release|Any CPU
		{8F0ED821-A0B6-4D1F-A231-28A903A6CEDB}.Release|Any CPU.Build.0 = Release|Any CPU
	EndGlobalSection
	GlobalSection(SolutionProperties) = preSolution
		HideSolutionNode = FALSE
	EndGlobalSection
	GlobalSection(ExtensibilityGlobals) = postSolution
		SolutionGuid = {2F881403-6CAB-494A-B5D0-EDDB60A4B758}
	EndGlobalSection
EndGlobal
