
Microsoft Visual Studio Solution File, Format Version 12.00
# Visual Studio Version 17
VisualStudioVersion = 17.8.34511.84
MinimumVisualStudioVersion = 10.0.40219.1
Project("{FAE04EC0-301F-11D3-BF4B-00C04F79EFBC}") = "PV100521_Laboratorio1", "PV100521_Laboratorio1\PV100521_Laboratorio1.csproj", "{8B0A86E3-DC26-4A27-9154-B67884D374C7}"
EndProject
Global
	GlobalSection(SolutionConfigurationPlatforms) = preSolution
		Debug|Any CPU = Debug|Any CPU
		Release|Any CPU = Release|Any CPU
	EndGlobalSection
	GlobalSection(ProjectConfigurationPlatforms) = postSolution
		{8B0A86E3-DC26-4A27-9154-B67884D374C7}.Debug|Any CPU.ActiveCfg = Debug|Any CPU
		{8B0A86E3-DC26-4A27-9154-B67884D374C7}.Debug|Any CPU.Build.0 = Debug|Any CPU
		{8B0A86E3-DC26-4A27-9154-B67884D374C7}.Release|Any CPU.ActiveCfg = Release|Any CPU
		{8B0A86E3-DC26-4A27-9154-B67884D374C7}.Release|Any CPU.Build.0 = Release|Any CPU
	EndGlobalSection
	GlobalSection(SolutionProperties) = preSolution
		HideSolutionNode = FALSE
	EndGlobalSection
	GlobalSection(ExtensibilityGlobals) = postSolution
		SolutionGuid = {9A01EDFC-5DD4-4234-835D-7F1AE9B2B31F}
	EndGlobalSection
EndGlobal
