
Microsoft Visual Studio Solution File, Format Version 12.00
# Visual Studio Version 17
VisualStudioVersion = 17.8.34525.116
MinimumVisualStudioVersion = 10.0.40219.1
Project("{FAE04EC0-301F-11D3-BF4B-00C04F79EFBC}") = "CELULAR", "CELULAR.csproj", "{2F873637-C3A8-4BFE-B64A-B2BB7968D272}"
EndProject
Global
	GlobalSection(SolutionConfigurationPlatforms) = preSolution
		Debug|Any CPU = Debug|Any CPU
		Release|Any CPU = Release|Any CPU
	EndGlobalSection
	GlobalSection(ProjectConfigurationPlatforms) = postSolution
		{2F873637-C3A8-4BFE-B64A-B2BB7968D272}.Debug|Any CPU.ActiveCfg = Debug|Any CPU
		{2F873637-C3A8-4BFE-B64A-B2BB7968D272}.Debug|Any CPU.Build.0 = Debug|Any CPU
		{2F873637-C3A8-4BFE-B64A-B2BB7968D272}.Release|Any CPU.ActiveCfg = Release|Any CPU
		{2F873637-C3A8-4BFE-B64A-B2BB7968D272}.Release|Any CPU.Build.0 = Release|Any CPU
	EndGlobalSection
	GlobalSection(SolutionProperties) = preSolution
		HideSolutionNode = FALSE
	EndGlobalSection
	GlobalSection(ExtensibilityGlobals) = postSolution
		SolutionGuid = {AE478AE0-716A-4EE8-B65B-58E09FEBD6AF}
	EndGlobalSection
EndGlobal
